// !$*UTF8*$!
{
	archiveVersion = 1;
	classes = {
	};
	objectVersion = 56;
	objects = {

/* Begin PBXBuildFile section */
		0DA68A1D2A60197900F3AAA4 /* TaskListTableViewCell.swift in Sources */ = {isa = PBXBuildFile; fileRef = 0DA68A1C2A60197900F3AAA4 /* TaskListTableViewCell.swift */; };
		0DA68A1F2A601A2900F3AAA4 /* TTableCell.swift in Sources */ = {isa = PBXBuildFile; fileRef = 0DA68A1E2A601A2900F3AAA4 /* TTableCell.swift */; };
		0DA68A212A601A4A00F3AAA4 /* TTableView.swift in Sources */ = {isa = PBXBuildFile; fileRef = 0DA68A202A601A4A00F3AAA4 /* TTableView.swift */; };
		0DA68A232A601A9F00F3AAA4 /* TTableSection.swift in Sources */ = {isa = PBXBuildFile; fileRef = 0DA68A222A601A9F00F3AAA4 /* TTableSection.swift */; };
		0DA68A252A601B0F00F3AAA4 /* TaskListTableViewCell+Model.swift in Sources */ = {isa = PBXBuildFile; fileRef = 0DA68A242A601B0F00F3AAA4 /* TaskListTableViewCell+Model.swift */; };
		0DA68A282A603DC000F3AAA4 /* Collection+SafeSubscript.swift in Sources */ = {isa = PBXBuildFile; fileRef = 0DA68A272A603DC000F3AAA4 /* Collection+SafeSubscript.swift */; };
		0DD86EFF2A5FC5CB002C8F07 /* AppDelegate.swift in Sources */ = {isa = PBXBuildFile; fileRef = 0DD86EFE2A5FC5CB002C8F07 /* AppDelegate.swift */; };
		0DD86F012A5FC5CB002C8F07 /* SceneDelegate.swift in Sources */ = {isa = PBXBuildFile; fileRef = 0DD86F002A5FC5CB002C8F07 /* SceneDelegate.swift */; };
		0DD86F032A5FC5CB002C8F07 /* TaskListViewController.swift in Sources */ = {isa = PBXBuildFile; fileRef = 0DD86F022A5FC5CB002C8F07 /* TaskListViewController.swift */; };
		0DD86F082A5FC5CD002C8F07 /* Assets.xcassets in Resources */ = {isa = PBXBuildFile; fileRef = 0DD86F072A5FC5CD002C8F07 /* Assets.xcassets */; };
		0DD86F0B2A5FC5CD002C8F07 /* LaunchScreen.storyboard in Resources */ = {isa = PBXBuildFile; fileRef = 0DD86F092A5FC5CD002C8F07 /* LaunchScreen.storyboard */; };
		0DD86F192A5FC859002C8F07 /* TaskListFactory.swift in Sources */ = {isa = PBXBuildFile; fileRef = 0DD86F182A5FC859002C8F07 /* TaskListFactory.swift */; };
		0DD86F1B2A5FC863002C8F07 /* TaskListResources.swift in Sources */ = {isa = PBXBuildFile; fileRef = 0DD86F1A2A5FC863002C8F07 /* TaskListResources.swift */; };
		0DD86F1D2A5FC86A002C8F07 /* TaskListViewModel.swift in Sources */ = {isa = PBXBuildFile; fileRef = 0DD86F1C2A5FC86A002C8F07 /* TaskListViewModel.swift */; };
		0DD86F202A5FC89D002C8F07 /* TView.swift in Sources */ = {isa = PBXBuildFile; fileRef = 0DD86F1F2A5FC89D002C8F07 /* TView.swift */; };
		0DD86F222A5FC8B8002C8F07 /* TStackView.swift in Sources */ = {isa = PBXBuildFile; fileRef = 0DD86F212A5FC8B8002C8F07 /* TStackView.swift */; };
		0DD86F242A5FD05C002C8F07 /* TaskListTableView.swift in Sources */ = {isa = PBXBuildFile; fileRef = 0DD86F232A5FD05C002C8F07 /* TaskListTableView.swift */; };
/* End PBXBuildFile section */

/* Begin PBXFileReference section */
		0DA68A1C2A60197900F3AAA4 /* TaskListTableViewCell.swift */ = {isa = PBXFileReference; lastKnownFileType = sourcecode.swift; path = TaskListTableViewCell.swift; sourceTree = "<group>"; };
		0DA68A1E2A601A2900F3AAA4 /* TTableCell.swift */ = {isa = PBXFileReference; lastKnownFileType = sourcecode.swift; path = TTableCell.swift; sourceTree = "<group>"; };
		0DA68A202A601A4A00F3AAA4 /* TTableView.swift */ = {isa = PBXFileReference; lastKnownFileType = sourcecode.swift; path = TTableView.swift; sourceTree = "<group>"; };
		0DA68A222A601A9F00F3AAA4 /* TTableSection.swift */ = {isa = PBXFileReference; lastKnownFileType = sourcecode.swift; path = TTableSection.swift; sourceTree = "<group>"; };
		0DA68A242A601B0F00F3AAA4 /* TaskListTableViewCell+Model.swift */ = {isa = PBXFileReference; lastKnownFileType = sourcecode.swift; path = "TaskListTableViewCell+Model.swift"; sourceTree = "<group>"; };
		0DA68A272A603DC000F3AAA4 /* Collection+SafeSubscript.swift */ = {isa = PBXFileReference; lastKnownFileType = sourcecode.swift; path = "Collection+SafeSubscript.swift"; sourceTree = "<group>"; };
		0DD86EFB2A5FC5CB002C8F07 /* ToDocu.app */ = {isa = PBXFileReference; explicitFileType = wrapper.application; includeInIndex = 0; path = ToDocu.app; sourceTree = BUILT_PRODUCTS_DIR; };
		0DD86EFE2A5FC5CB002C8F07 /* AppDelegate.swift */ = {isa = PBXFileReference; lastKnownFileType = sourcecode.swift; path = AppDelegate.swift; sourceTree = "<group>"; };
		0DD86F002A5FC5CB002C8F07 /* SceneDelegate.swift */ = {isa = PBXFileReference; lastKnownFileType = sourcecode.swift; path = SceneDelegate.swift; sourceTree = "<group>"; };
		0DD86F022A5FC5CB002C8F07 /* TaskListViewController.swift */ = {isa = PBXFileReference; lastKnownFileType = sourcecode.swift; path = TaskListViewController.swift; sourceTree = "<group>"; };
		0DD86F072A5FC5CD002C8F07 /* Assets.xcassets */ = {isa = PBXFileReference; lastKnownFileType = folder.assetcatalog; path = Assets.xcassets; sourceTree = "<group>"; };
		0DD86F0A2A5FC5CD002C8F07 /* Base */ = {isa = PBXFileReference; lastKnownFileType = file.storyboard; name = Base; path = Base.lproj/LaunchScreen.storyboard; sourceTree = "<group>"; };
		0DD86F0C2A5FC5CD002C8F07 /* Info.plist */ = {isa = PBXFileReference; lastKnownFileType = text.plist.xml; path = Info.plist; sourceTree = "<group>"; };
		0DD86F182A5FC859002C8F07 /* TaskListFactory.swift */ = {isa = PBXFileReference; lastKnownFileType = sourcecode.swift; path = TaskListFactory.swift; sourceTree = "<group>"; };
		0DD86F1A2A5FC863002C8F07 /* TaskListResources.swift */ = {isa = PBXFileReference; lastKnownFileType = sourcecode.swift; path = TaskListResources.swift; sourceTree = "<group>"; };
		0DD86F1C2A5FC86A002C8F07 /* TaskListViewModel.swift */ = {isa = PBXFileReference; lastKnownFileType = sourcecode.swift; path = TaskListViewModel.swift; sourceTree = "<group>"; };
		0DD86F1F2A5FC89D002C8F07 /* TView.swift */ = {isa = PBXFileReference; lastKnownFileType = sourcecode.swift; path = TView.swift; sourceTree = "<group>"; };
		0DD86F212A5FC8B8002C8F07 /* TStackView.swift */ = {isa = PBXFileReference; lastKnownFileType = sourcecode.swift; path = TStackView.swift; sourceTree = "<group>"; };
		0DD86F232A5FD05C002C8F07 /* TaskListTableView.swift */ = {isa = PBXFileReference; lastKnownFileType = sourcecode.swift; path = TaskListTableView.swift; sourceTree = "<group>"; };
/* End PBXFileReference section */

/* Begin PBXFrameworksBuildPhase section */
		0DD86EF82A5FC5CB002C8F07 /* Frameworks */ = {
			isa = PBXFrameworksBuildPhase;
			buildActionMask = 2147483647;
			files = (
			);
			runOnlyForDeploymentPostprocessing = 0;
		};
/* End PBXFrameworksBuildPhase section */

/* Begin PBXGroup section */
		0DA68A1A2A60196800F3AAA4 /* TaskListTableView */ = {
			isa = PBXGroup;
			children = (
				0DA68A1B2A60197000F3AAA4 /* Cell */,
				0DD86F232A5FD05C002C8F07 /* TaskListTableView.swift */,
			);
			path = TaskListTableView;
			sourceTree = "<group>";
		};
		0DA68A1B2A60197000F3AAA4 /* Cell */ = {
			isa = PBXGroup;
			children = (
				0DA68A1C2A60197900F3AAA4 /* TaskListTableViewCell.swift */,
				0DA68A242A601B0F00F3AAA4 /* TaskListTableViewCell+Model.swift */,
			);
			path = Cell;
			sourceTree = "<group>";
		};
		0DA68A262A603DB100F3AAA4 /* Extensions */ = {
			isa = PBXGroup;
			children = (
				0DA68A272A603DC000F3AAA4 /* Collection+SafeSubscript.swift */,
			);
			path = Extensions;
			sourceTree = "<group>";
		};
		0DD86EF22A5FC5CB002C8F07 = {
			isa = PBXGroup;
			children = (
				0DD86EFD2A5FC5CB002C8F07 /* ToDocu */,
				0DD86EFC2A5FC5CB002C8F07 /* Products */,
			);
			sourceTree = "<group>";
		};
		0DD86EFC2A5FC5CB002C8F07 /* Products */ = {
			isa = PBXGroup;
			children = (
				0DD86EFB2A5FC5CB002C8F07 /* ToDocu.app */,
			);
			name = Products;
			sourceTree = "<group>";
		};
		0DD86EFD2A5FC5CB002C8F07 /* ToDocu */ = {
			isa = PBXGroup;
			children = (
				0DD86EFE2A5FC5CB002C8F07 /* AppDelegate.swift */,
				0DD86F002A5FC5CB002C8F07 /* SceneDelegate.swift */,
				0DD86F152A5FC816002C8F07 /* Common */,
				0DD86F132A5FC7EE002C8F07 /* List */,
				0DD86F142A5FC7F8002C8F07 /* Resources */,
				0DD86F0C2A5FC5CD002C8F07 /* Info.plist */,
			);
			path = ToDocu;
			sourceTree = "<group>";
		};
		0DD86F132A5FC7EE002C8F07 /* List */ = {
			isa = PBXGroup;
			children = (
				0DD86F162A5FC820002C8F07 /* Views */,
				0DD86F182A5FC859002C8F07 /* TaskListFactory.swift */,
				0DD86F1A2A5FC863002C8F07 /* TaskListResources.swift */,
				0DD86F1C2A5FC86A002C8F07 /* TaskListViewModel.swift */,
				0DD86F022A5FC5CB002C8F07 /* TaskListViewController.swift */,
			);
			path = List;
			sourceTree = "<group>";
		};
		0DD86F142A5FC7F8002C8F07 /* Resources */ = {
			isa = PBXGroup;
			children = (
				0DD86F072A5FC5CD002C8F07 /* Assets.xcassets */,
				0DD86F092A5FC5CD002C8F07 /* LaunchScreen.storyboard */,
			);
			path = Resources;
			sourceTree = "<group>";
		};
		0DD86F152A5FC816002C8F07 /* Common */ = {
			isa = PBXGroup;
			children = (
				0DA68A262A603DB100F3AAA4 /* Extensions */,
				0DD86F1E2A5FC87E002C8F07 /* TViews */,
			);
			path = Common;
			sourceTree = "<group>";
		};
		0DD86F162A5FC820002C8F07 /* Views */ = {
			isa = PBXGroup;
			children = (
				0DA68A1A2A60196800F3AAA4 /* TaskListTableView */,
			);
			path = Views;
			sourceTree = "<group>";
		};
		0DD86F1E2A5FC87E002C8F07 /* TViews */ = {
			isa = PBXGroup;
			children = (
				0DD86F1F2A5FC89D002C8F07 /* TView.swift */,
				0DD86F212A5FC8B8002C8F07 /* TStackView.swift */,
				0DA68A1E2A601A2900F3AAA4 /* TTableCell.swift */,
				0DA68A222A601A9F00F3AAA4 /* TTableSection.swift */,
				0DA68A202A601A4A00F3AAA4 /* TTableView.swift */,
			);
			path = TViews;
			sourceTree = "<group>";
		};
/* End PBXGroup section */

/* Begin PBXNativeTarget section */
		0DD86EFA2A5FC5CB002C8F07 /* ToDocu */ = {
			isa = PBXNativeTarget;
			buildConfigurationList = 0DD86F0F2A5FC5CD002C8F07 /* Build configuration list for PBXNativeTarget "ToDocu" */;
			buildPhases = (
				0DD86EF72A5FC5CB002C8F07 /* Sources */,
				0DD86EF82A5FC5CB002C8F07 /* Frameworks */,
				0DD86EF92A5FC5CB002C8F07 /* Resources */,
			);
			buildRules = (
			);
			dependencies = (
			);
			name = ToDocu;
			productName = ToDocu;
			productReference = 0DD86EFB2A5FC5CB002C8F07 /* ToDocu.app */;
			productType = "com.apple.product-type.application";
		};
/* End PBXNativeTarget section */

/* Begin PBXProject section */
		0DD86EF32A5FC5CB002C8F07 /* Project object */ = {
			isa = PBXProject;
			attributes = {
				BuildIndependentTargetsInParallel = 1;
				LastSwiftUpdateCheck = 1400;
				LastUpgradeCheck = 1400;
				TargetAttributes = {
					0DD86EFA2A5FC5CB002C8F07 = {
						CreatedOnToolsVersion = 14.0.1;
					};
				};
			};
			buildConfigurationList = 0DD86EF62A5FC5CB002C8F07 /* Build configuration list for PBXProject "ToDocu" */;
			compatibilityVersion = "Xcode 14.0";
			developmentRegion = en;
			hasScannedForEncodings = 0;
			knownRegions = (
				en,
				Base,
			);
			mainGroup = 0DD86EF22A5FC5CB002C8F07;
			productRefGroup = 0DD86EFC2A5FC5CB002C8F07 /* Products */;
			projectDirPath = "";
			projectRoot = "";
			targets = (
				0DD86EFA2A5FC5CB002C8F07 /* ToDocu */,
			);
		};
/* End PBXProject section */

/* Begin PBXResourcesBuildPhase section */
		0DD86EF92A5FC5CB002C8F07 /* Resources */ = {
			isa = PBXResourcesBuildPhase;
			buildActionMask = 2147483647;
			files = (
				0DD86F0B2A5FC5CD002C8F07 /* LaunchScreen.storyboard in Resources */,
				0DD86F082A5FC5CD002C8F07 /* Assets.xcassets in Resources */,
			);
			runOnlyForDeploymentPostprocessing = 0;
		};
/* End PBXResourcesBuildPhase section */

/* Begin PBXSourcesBuildPhase section */
		0DD86EF72A5FC5CB002C8F07 /* Sources */ = {
			isa = PBXSourcesBuildPhase;
			buildActionMask = 2147483647;
			files = (
				0DA68A1D2A60197900F3AAA4 /* TaskListTableViewCell.swift in Sources */,
				0DA68A232A601A9F00F3AAA4 /* TTableSection.swift in Sources */,
				0DA68A252A601B0F00F3AAA4 /* TaskListTableViewCell+Model.swift in Sources */,
				0DD86F222A5FC8B8002C8F07 /* TStackView.swift in Sources */,
				0DA68A282A603DC000F3AAA4 /* Collection+SafeSubscript.swift in Sources */,
				0DD86F242A5FD05C002C8F07 /* TaskListTableView.swift in Sources */,
				0DD86F202A5FC89D002C8F07 /* TView.swift in Sources */,
				0DD86F032A5FC5CB002C8F07 /* TaskListViewController.swift in Sources */,
				0DA68A1F2A601A2900F3AAA4 /* TTableCell.swift in Sources */,
				0DA68A212A601A4A00F3AAA4 /* TTableView.swift in Sources */,
				0DD86F1B2A5FC863002C8F07 /* TaskListResources.swift in Sources */,
				0DD86EFF2A5FC5CB002C8F07 /* AppDelegate.swift in Sources */,
				0DD86F012A5FC5CB002C8F07 /* SceneDelegate.swift in Sources */,
				0DD86F192A5FC859002C8F07 /* TaskListFactory.swift in Sources */,
				0DD86F1D2A5FC86A002C8F07 /* TaskListViewModel.swift in Sources */,
			);
			runOnlyForDeploymentPostprocessing = 0;
		};
/* End PBXSourcesBuildPhase section */

/* Begin PBXVariantGroup section */
		0DD86F092A5FC5CD002C8F07 /* LaunchScreen.storyboard */ = {
			isa = PBXVariantGroup;
			children = (
				0DD86F0A2A5FC5CD002C8F07 /* Base */,
			);
			name = LaunchScreen.storyboard;
			sourceTree = "<group>";
		};
/* End PBXVariantGroup section */

/* Begin XCBuildConfiguration section */
		0DD86F0D2A5FC5CD002C8F07 /* Debug */ = {
			isa = XCBuildConfiguration;
			buildSettings = {
				ALWAYS_SEARCH_USER_PATHS = NO;
				CLANG_ANALYZER_NONNULL = YES;
				CLANG_ANALYZER_NUMBER_OBJECT_CONVERSION = YES_AGGRESSIVE;
				CLANG_CXX_LANGUAGE_STANDARD = "gnu++20";
				CLANG_ENABLE_MODULES = YES;
				CLANG_ENABLE_OBJC_ARC = YES;
				CLANG_ENABLE_OBJC_WEAK = YES;
				CLANG_WARN_BLOCK_CAPTURE_AUTORELEASING = YES;
				CLANG_WARN_BOOL_CONVERSION = YES;
				CLANG_WARN_COMMA = YES;
				CLANG_WARN_CONSTANT_CONVERSION = YES;
				CLANG_WARN_DEPRECATED_OBJC_IMPLEMENTATIONS = YES;
				CLANG_WARN_DIRECT_OBJC_ISA_USAGE = YES_ERROR;
				CLANG_WARN_DOCUMENTATION_COMMENTS = YES;
				CLANG_WARN_EMPTY_BODY = YES;
				CLANG_WARN_ENUM_CONVERSION = YES;
				CLANG_WARN_INFINITE_RECURSION = YES;
				CLANG_WARN_INT_CONVERSION = YES;
				CLANG_WARN_NON_LITERAL_NULL_CONVERSION = YES;
				CLANG_WARN_OBJC_IMPLICIT_RETAIN_SELF = YES;
				CLANG_WARN_OBJC_LITERAL_CONVERSION = YES;
				CLANG_WARN_OBJC_ROOT_CLASS = YES_ERROR;
				CLANG_WARN_QUOTED_INCLUDE_IN_FRAMEWORK_HEADER = YES;
				CLANG_WARN_RANGE_LOOP_ANALYSIS = YES;
				CLANG_WARN_STRICT_PROTOTYPES = YES;
				CLANG_WARN_SUSPICIOUS_MOVE = YES;
				CLANG_WARN_UNGUARDED_AVAILABILITY = YES_AGGRESSIVE;
				CLANG_WARN_UNREACHABLE_CODE = YES;
				CLANG_WARN__DUPLICATE_METHOD_MATCH = YES;
				COPY_PHASE_STRIP = NO;
				DEBUG_INFORMATION_FORMAT = dwarf;
				ENABLE_STRICT_OBJC_MSGSEND = YES;
				ENABLE_TESTABILITY = YES;
				GCC_C_LANGUAGE_STANDARD = gnu11;
				GCC_DYNAMIC_NO_PIC = NO;
				GCC_NO_COMMON_BLOCKS = YES;
				GCC_OPTIMIZATION_LEVEL = 0;
				GCC_PREPROCESSOR_DEFINITIONS = (
					"DEBUG=1",
					"$(inherited)",
				);
				GCC_WARN_64_TO_32_BIT_CONVERSION = YES;
				GCC_WARN_ABOUT_RETURN_TYPE = YES_ERROR;
				GCC_WARN_UNDECLARED_SELECTOR = YES;
				GCC_WARN_UNINITIALIZED_AUTOS = YES_AGGRESSIVE;
				GCC_WARN_UNUSED_FUNCTION = YES;
				GCC_WARN_UNUSED_VARIABLE = YES;
				IPHONEOS_DEPLOYMENT_TARGET = 16.0;
				MTL_ENABLE_DEBUG_INFO = INCLUDE_SOURCE;
				MTL_FAST_MATH = YES;
				ONLY_ACTIVE_ARCH = YES;
				SDKROOT = iphoneos;
				SWIFT_ACTIVE_COMPILATION_CONDITIONS = DEBUG;
				SWIFT_OPTIMIZATION_LEVEL = "-Onone";
			};
			name = Debug;
		};
		0DD86F0E2A5FC5CD002C8F07 /* Release */ = {
			isa = XCBuildConfiguration;
			buildSettings = {
				ALWAYS_SEARCH_USER_PATHS = NO;
				CLANG_ANALYZER_NONNULL = YES;
				CLANG_ANALYZER_NUMBER_OBJECT_CONVERSION = YES_AGGRESSIVE;
				CLANG_CXX_LANGUAGE_STANDARD = "gnu++20";
				CLANG_ENABLE_MODULES = YES;
				CLANG_ENABLE_OBJC_ARC = YES;
				CLANG_ENABLE_OBJC_WEAK = YES;
				CLANG_WARN_BLOCK_CAPTURE_AUTORELEASING = YES;
				CLANG_WARN_BOOL_CONVERSION = YES;
				CLANG_WARN_COMMA = YES;
				CLANG_WARN_CONSTANT_CONVERSION = YES;
				CLANG_WARN_DEPRECATED_OBJC_IMPLEMENTATIONS = YES;
				CLANG_WARN_DIRECT_OBJC_ISA_USAGE = YES_ERROR;
				CLANG_WARN_DOCUMENTATION_COMMENTS = YES;
				CLANG_WARN_EMPTY_BODY = YES;
				CLANG_WARN_ENUM_CONVERSION = YES;
				CLANG_WARN_INFINITE_RECURSION = YES;
				CLANG_WARN_INT_CONVERSION = YES;
				CLANG_WARN_NON_LITERAL_NULL_CONVERSION = YES;
				CLANG_WARN_OBJC_IMPLICIT_RETAIN_SELF = YES;
				CLANG_WARN_OBJC_LITERAL_CONVERSION = YES;
				CLANG_WARN_OBJC_ROOT_CLASS = YES_ERROR;
				CLANG_WARN_QUOTED_INCLUDE_IN_FRAMEWORK_HEADER = YES;
				CLANG_WARN_RANGE_LOOP_ANALYSIS = YES;
				CLANG_WARN_STRICT_PROTOTYPES = YES;
				CLANG_WARN_SUSPICIOUS_MOVE = YES;
				CLANG_WARN_UNGUARDED_AVAILABILITY = YES_AGGRESSIVE;
				CLANG_WARN_UNREACHABLE_CODE = YES;
				CLANG_WARN__DUPLICATE_METHOD_MATCH = YES;
				COPY_PHASE_STRIP = NO;
				DEBUG_INFORMATION_FORMAT = "dwarf-with-dsym";
				ENABLE_NS_ASSERTIONS = NO;
				ENABLE_STRICT_OBJC_MSGSEND = YES;
				GCC_C_LANGUAGE_STANDARD = gnu11;
				GCC_NO_COMMON_BLOCKS = YES;
				GCC_WARN_64_TO_32_BIT_CONVERSION = YES;
				GCC_WARN_ABOUT_RETURN_TYPE = YES_ERROR;
				GCC_WARN_UNDECLARED_SELECTOR = YES;
				GCC_WARN_UNINITIALIZED_AUTOS = YES_AGGRESSIVE;
				GCC_WARN_UNUSED_FUNCTION = YES;
				GCC_WARN_UNUSED_VARIABLE = YES;
				IPHONEOS_DEPLOYMENT_TARGET = 16.0;
				MTL_ENABLE_DEBUG_INFO = NO;
				MTL_FAST_MATH = YES;
				SDKROOT = iphoneos;
				SWIFT_COMPILATION_MODE = wholemodule;
				SWIFT_OPTIMIZATION_LEVEL = "-O";
				VALIDATE_PRODUCT = YES;
			};
			name = Release;
		};
		0DD86F102A5FC5CD002C8F07 /* Debug */ = {
			isa = XCBuildConfiguration;
			buildSettings = {
				ASSETCATALOG_COMPILER_APPICON_NAME = AppIcon;
				ASSETCATALOG_COMPILER_GLOBAL_ACCENT_COLOR_NAME = AccentColor;
				CODE_SIGN_STYLE = Automatic;
				CURRENT_PROJECT_VERSION = 1;
				DEVELOPMENT_TEAM = FAD3VV45WY;
				GENERATE_INFOPLIST_FILE = YES;
				INFOPLIST_FILE = ToDocu/Info.plist;
				INFOPLIST_KEY_UIApplicationSupportsIndirectInputEvents = YES;
				INFOPLIST_KEY_UILaunchStoryboardName = LaunchScreen;
				INFOPLIST_KEY_UISupportedInterfaceOrientations_iPad = "UIInterfaceOrientationPortrait UIInterfaceOrientationPortraitUpsideDown UIInterfaceOrientationLandscapeLeft UIInterfaceOrientationLandscapeRight";
				INFOPLIST_KEY_UISupportedInterfaceOrientations_iPhone = "UIInterfaceOrientationPortrait UIInterfaceOrientationLandscapeLeft UIInterfaceOrientationLandscapeRight";
				LD_RUNPATH_SEARCH_PATHS = (
					"$(inherited)",
					"@executable_path/Frameworks",
				);
				MARKETING_VERSION = 1.0;
				PRODUCT_BUNDLE_IDENTIFIER = co.katsubo.ToDocu;
				PRODUCT_NAME = "$(TARGET_NAME)";
				SWIFT_EMIT_LOC_STRINGS = YES;
				SWIFT_VERSION = 5.0;
				TARGETED_DEVICE_FAMILY = "1,2";
			};
			name = Debug;
		};
		0DD86F112A5FC5CD002C8F07 /* Release */ = {
			isa = XCBuildConfiguration;
			buildSettings = {
				ASSETCATALOG_COMPILER_APPICON_NAME = AppIcon;
				ASSETCATALOG_COMPILER_GLOBAL_ACCENT_COLOR_NAME = AccentColor;
				CODE_SIGN_STYLE = Automatic;
				CURRENT_PROJECT_VERSION = 1;
				DEVELOPMENT_TEAM = FAD3VV45WY;
				GENERATE_INFOPLIST_FILE = YES;
				INFOPLIST_FILE = ToDocu/Info.plist;
				INFOPLIST_KEY_UIApplicationSupportsIndirectInputEvents = YES;
				INFOPLIST_KEY_UILaunchStoryboardName = LaunchScreen;
				INFOPLIST_KEY_UISupportedInterfaceOrientations_iPad = "UIInterfaceOrientationPortrait UIInterfaceOrientationPortraitUpsideDown UIInterfaceOrientationLandscapeLeft UIInterfaceOrientationLandscapeRight";
				INFOPLIST_KEY_UISupportedInterfaceOrientations_iPhone = "UIInterfaceOrientationPortrait UIInterfaceOrientationLandscapeLeft UIInterfaceOrientationLandscapeRight";
				LD_RUNPATH_SEARCH_PATHS = (
					"$(inherited)",
					"@executable_path/Frameworks",
				);
				MARKETING_VERSION = 1.0;
				PRODUCT_BUNDLE_IDENTIFIER = co.katsubo.ToDocu;
				PRODUCT_NAME = "$(TARGET_NAME)";
				SWIFT_EMIT_LOC_STRINGS = YES;
				SWIFT_VERSION = 5.0;
				TARGETED_DEVICE_FAMILY = "1,2";
			};
			name = Release;
		};
/* End XCBuildConfiguration section */

/* Begin XCConfigurationList section */
		0DD86EF62A5FC5CB002C8F07 /* Build configuration list for PBXProject "ToDocu" */ = {
			isa = XCConfigurationList;
			buildConfigurations = (
				0DD86F0D2A5FC5CD002C8F07 /* Debug */,
				0DD86F0E2A5FC5CD002C8F07 /* Release */,
			);
			defaultConfigurationIsVisible = 0;
			defaultConfigurationName = Release;
		};
		0DD86F0F2A5FC5CD002C8F07 /* Build configuration list for PBXNativeTarget "ToDocu" */ = {
			isa = XCConfigurationList;
			buildConfigurations = (
				0DD86F102A5FC5CD002C8F07 /* Debug */,
				0DD86F112A5FC5CD002C8F07 /* Release */,
			);
			defaultConfigurationIsVisible = 0;
			defaultConfigurationName = Release;
		};
/* End XCConfigurationList section */
	};
	rootObject = 0DD86EF32A5FC5CB002C8F07 /* Project object */;
}
